github.com/detaimee/golang-blockchain v0.0.0-20200625060305-c5545931fb59 h1:X+wzgkKRtE7Z8V0Pw+pu2rJ/KT+RvazeftzSEJ4pkAU=
github.com/detaimee/golang-blockchain v0.0.0-20200625062916-2d1b150a96e7 h1:dP3gz5oS18vdXtQJVngG1htBtVBA70SuRGljdLNMuMo=
github.com/detaimee/golang-blockchain v0.0.0-20200625062916-2d1b150a96e7/go.mod h1:MdB/XFRs5msmJy2yJnyGlI9H6z+7tPImMscIq/VytM8=
